
Microsoft Visual Studio Solution File, Format Version 12.00
# Visual Studio Version 17
VisualStudioVersion = 17.0.31912.275
MinimumVisualStudioVersion = 10.0.40219.1
Project("{9A19103F-16F7-4668-BE54-9A1E7A4F7556}") = "BusinessAnalytic", "BusinessAnalytic.csproj", "{07D8B0E4-BB53-4914-9614-69222970BF59}"
EndProject
Project("{9A19103F-16F7-4668-BE54-9A1E7A4F7556}") = "NunitTests", "..\NunitTests\NunitTests.csproj", "{1FBCD7E8-6287-4688-81E3-37E24A83FE6A}"
EndProject
Project("{9A19103F-16F7-4668-BE54-9A1E7A4F7556}") = "Functional.Testing", "..\Functional.Testing\Functional.Testing.csproj", "{C0DAE6D1-39CA-439D-9641-EC5B882B3023}"
EndProject
Global
	GlobalSection(SolutionConfigurationPlatforms) = preSolution
		Debug|Any CPU = Debug|Any CPU
		Release|Any CPU = Release|Any CPU
	EndGlobalSection
	GlobalSection(ProjectConfigurationPlatforms) = postSolution
		{07D8B0E4-BB53-4914-9614-69222970BF59}.Debug|Any CPU.ActiveCfg = Debug|Any CPU
		{07D8B0E4-BB53-4914-9614-69222970BF59}.Debug|Any CPU.Build.0 = Debug|Any CPU
		{07D8B0E4-BB53-4914-9614-69222970BF59}.Release|Any CPU.ActiveCfg = Release|Any CPU
		{07D8B0E4-BB53-4914-9614-69222970BF59}.Release|Any CPU.Build.0 = Release|Any CPU
		{1FBCD7E8-6287-4688-81E3-37E24A83FE6A}.Debug|Any CPU.ActiveCfg = Debug|Any CPU
		{1FBCD7E8-6287-4688-81E3-37E24A83FE6A}.Debug|Any CPU.Build.0 = Debug|Any CPU
		{1FBCD7E8-6287-4688-81E3-37E24A83FE6A}.Release|Any CPU.ActiveCfg = Release|Any CPU
		{1FBCD7E8-6287-4688-81E3-37E24A83FE6A}.Release|Any CPU.Build.0 = Release|Any CPU
		{C0DAE6D1-39CA-439D-9641-EC5B882B3023}.Debug|Any CPU.ActiveCfg = Debug|Any CPU
		{C0DAE6D1-39CA-439D-9641-EC5B882B3023}.Debug|Any CPU.Build.0 = Debug|Any CPU
		{C0DAE6D1-39CA-439D-9641-EC5B882B3023}.Release|Any CPU.ActiveCfg = Release|Any CPU
		{C0DAE6D1-39CA-439D-9641-EC5B882B3023}.Release|Any CPU.Build.0 = Release|Any CPU
	EndGlobalSection
	GlobalSection(SolutionProperties) = preSolution
		HideSolutionNode = FALSE
	EndGlobalSection
	GlobalSection(ExtensibilityGlobals) = postSolution
		SolutionGuid = {F373EEA7-D4E8-453B-8C3B-DA494C6C71F6}
	EndGlobalSection
EndGlobal
